// !$*UTF8*$!
{
	archiveVersion = 1;
	classes = {
	};
	objectVersion = 46;
	objects = {

/* Begin PBXBuildFile section */
		28CCB9E81A0829CD00D7346E /* AppDelegate.swift in Sources */ = {isa = PBXBuildFile; fileRef = 28CCB9E71A0829CD00D7346E /* AppDelegate.swift */; };
		28CCB9EA1A0829CD00D7346E /* ViewController.swift in Sources */ = {isa = PBXBuildFile; fileRef = 28CCB9E91A0829CD00D7346E /* ViewController.swift */; };
		28CCB9ED1A0829CD00D7346E /* Main.storyboard in Resources */ = {isa = PBXBuildFile; fileRef = 28CCB9EB1A0829CD00D7346E /* Main.storyboard */; };
		28CCB9EF1A0829CD00D7346E /* Images.xcassets in Resources */ = {isa = PBXBuildFile; fileRef = 28CCB9EE1A0829CD00D7346E /* Images.xcassets */; };
		28CCB9F21A0829CD00D7346E /* LaunchScreen.xib in Resources */ = {isa = PBXBuildFile; fileRef = 28CCB9F01A0829CD00D7346E /* LaunchScreen.xib */; };
		28CCB9FE1A0829CD00D7346E /* postcardTests.swift in Sources */ = {isa = PBXBuildFile; fileRef = 28CCB9FD1A0829CD00D7346E /* postcardTests.swift */; };
		28CCBA081A0939FF00D7346E /* SagradaFamilia.jpeg in Resources */ = {isa = PBXBuildFile; fileRef = 28CCBA071A0939FF00D7346E /* SagradaFamilia.jpeg */; };
		28CCBA0A1A093F7A00D7346E /* AlbertEinsteinStamp.jpg in Resources */ = {isa = PBXBuildFile; fileRef = 28CCBA091A093F7A00D7346E /* AlbertEinsteinStamp.jpg */; };
/* End PBXBuildFile section */

/* Begin PBXContainerItemProxy section */
		28CCB9F81A0829CD00D7346E /* PBXContainerItemProxy */ = {
			isa = PBXContainerItemProxy;
			containerPortal = 28CCB9DA1A0829CD00D7346E /* Project object */;
			proxyType = 1;
			remoteGlobalIDString = 28CCB9E11A0829CD00D7346E;
			remoteInfo = postcard;
		};
/* End PBXContainerItemProxy section */

/* Begin PBXFileReference section */
		28CCB9E21A0829CD00D7346E /* postcard.app */ = {isa = PBXFileReference; explicitFileType = wrapper.application; includeInIndex = 0; path = postcard.app; sourceTree = BUILT_PRODUCTS_DIR; };
		28CCB9E61A0829CD00D7346E /* Info.plist */ = {isa = PBXFileReference; lastKnownFileType = text.plist.xml; path = Info.plist; sourceTree = "<group>"; };
		28CCB9E71A0829CD00D7346E /* AppDelegate.swift */ = {isa = PBXFileReference; lastKnownFileType = sourcecode.swift; path = AppDelegate.swift; sourceTree = "<group>"; };
		28CCB9E91A0829CD00D7346E /* ViewController.swift */ = {isa = PBXFileReference; lastKnownFileType = sourcecode.swift; path = ViewController.swift; sourceTree = "<group>"; };
		28CCB9EC1A0829CD00D7346E /* Base */ = {isa = PBXFileReference; lastKnownFileType = file.storyboard; name = Base; path = Base.lproj/Main.storyboard; sourceTree = "<group>"; };
		28CCB9EE1A0829CD00D7346E /* Images.xcassets */ = {isa = PBXFileReference; lastKnownFileType = folder.assetcatalog; path = Images.xcassets; sourceTree = "<group>"; };
		28CCB9F11A0829CD00D7346E /* Base */ = {isa = PBXFileReference; lastKnownFileType = file.xib; name = Base; path = Base.lproj/LaunchScreen.xib; sourceTree = "<group>"; };
		28CCB9F71A0829CD00D7346E /* postcardTests.xctest */ = {isa = PBXFileReference; explicitFileType = wrapper.cfbundle; includeInIndex = 0; path = postcardTests.xctest; sourceTree = BUILT_PRODUCTS_DIR; };
		28CCB9FC1A0829CD00D7346E /* Info.plist */ = {isa = PBXFileReference; lastKnownFileType = text.plist.xml; path = Info.plist; sourceTree = "<group>"; };
		28CCB9FD1A0829CD00D7346E /* postcardTests.swift */ = {isa = PBXFileReference; lastKnownFileType = sourcecode.swift; path = postcardTests.swift; sourceTree = "<group>"; };
		28CCBA071A0939FF00D7346E /* SagradaFamilia.jpeg */ = {isa = PBXFileReference; lastKnownFileType = image.jpeg; path = SagradaFamilia.jpeg; sourceTree = "<group>"; };
		28CCBA091A093F7A00D7346E /* AlbertEinsteinStamp.jpg */ = {isa = PBXFileReference; lastKnownFileType = image.jpeg; path = AlbertEinsteinStamp.jpg; sourceTree = "<group>"; };
/* End PBXFileReference section */

/* Begin PBXFrameworksBuildPhase section */
		28CCB9DF1A0829CD00D7346E /* Frameworks */ = {
			isa = PBXFrameworksBuildPhase;
			buildActionMask = 2147483647;
			files = (
			);
			runOnlyForDeploymentPostprocessing = 0;
		};
		28CCB9F41A0829CD00D7346E /* Frameworks */ = {
			isa = PBXFrameworksBuildPhase;
			buildActionMask = 2147483647;
			files = (
			);
			runOnlyForDeploymentPostprocessing = 0;
		};
/* End PBXFrameworksBuildPhase section */

/* Begin PBXGroup section */
		28CCB9D91A0829CD00D7346E = {
			isa = PBXGroup;
			children = (
				28CCB9E41A0829CD00D7346E /* postcard */,
				28CCB9FA1A0829CD00D7346E /* postcardTests */,
				28CCB9E31A0829CD00D7346E /* Products */,
			);
			sourceTree = "<group>";
		};
		28CCB9E31A0829CD00D7346E /* Products */ = {
			isa = PBXGroup;
			children = (
				28CCB9E21A0829CD00D7346E /* postcard.app */,
				28CCB9F71A0829CD00D7346E /* postcardTests.xctest */,
			);
			name = Products;
			sourceTree = "<group>";
		};
		28CCB9E41A0829CD00D7346E /* postcard */ = {
			isa = PBXGroup;
			children = (
				28CCB9E71A0829CD00D7346E /* AppDelegate.swift */,
				28CCB9E91A0829CD00D7346E /* ViewController.swift */,
				28CCB9EB1A0829CD00D7346E /* Main.storyboard */,
				28CCB9EE1A0829CD00D7346E /* Images.xcassets */,
				28CCB9F01A0829CD00D7346E /* LaunchScreen.xib */,
				28CCB9E51A0829CD00D7346E /* Supporting Files */,
			);
			path = postcard;
			sourceTree = "<group>";
		};
		28CCB9E51A0829CD00D7346E /* Supporting Files */ = {
			isa = PBXGroup;
			children = (
				28CCBA091A093F7A00D7346E /* AlbertEinsteinStamp.jpg */,
				28CCBA071A0939FF00D7346E /* SagradaFamilia.jpeg */,
				28CCB9E61A0829CD00D7346E /* Info.plist */,
			);
			name = "Supporting Files";
			sourceTree = "<group>";
		};
		28CCB9FA1A0829CD00D7346E /* postcardTests */ = {
			isa = PBXGroup;
			children = (
				28CCB9FD1A0829CD00D7346E /* postcardTests.swift */,
				28CCB9FB1A0829CD00D7346E /* Supporting Files */,
			);
			path = postcardTests;
			sourceTree = "<group>";
		};
		28CCB9FB1A0829CD00D7346E /* Supporting Files */ = {
			isa = PBXGroup;
			children = (
				28CCB9FC1A0829CD00D7346E /* Info.plist */,
			);
			name = "Supporting Files";
			sourceTree = "<group>";
		};
/* End PBXGroup section */

/* Begin PBXNativeTarget section */
		28CCB9E11A0829CD00D7346E /* postcard */ = {
			isa = PBXNativeTarget;
			buildConfigurationList = 28CCBA011A0829CD00D7346E /* Build configuration list for PBXNativeTarget "postcard" */;
			buildPhases = (
				28CCB9DE1A0829CD00D7346E /* Sources */,
				28CCB9DF1A0829CD00D7346E /* Frameworks */,
				28CCB9E01A0829CD00D7346E /* Resources */,
			);
			buildRules = (
			);
			dependencies = (
			);
			name = postcard;
			productName = postcard;
			productReference = 28CCB9E21A0829CD00D7346E /* postcard.app */;
			productType = "com.apple.product-type.application";
		};
		28CCB9F61A0829CD00D7346E /* postcardTests */ = {
			isa = PBXNativeTarget;
			buildConfigurationList = 28CCBA041A0829CD00D7346E /* Build configuration list for PBXNativeTarget "postcardTests" */;
			buildPhases = (
				28CCB9F31A0829CD00D7346E /* Sources */,
				28CCB9F41A0829CD00D7346E /* Frameworks */,
				28CCB9F51A0829CD00D7346E /* Resources */,
			);
			buildRules = (
			);
			dependencies = (
				28CCB9F91A0829CD00D7346E /* PBXTargetDependency */,
			);
			name = postcardTests;
			productName = postcardTests;
			productReference = 28CCB9F71A0829CD00D7346E /* postcardTests.xctest */;
			productType = "com.apple.product-type.bundle.unit-test";
		};
/* End PBXNativeTarget section */

/* Begin PBXProject section */
		28CCB9DA1A0829CD00D7346E /* Project object */ = {
			isa = PBXProject;
			attributes = {
				LastUpgradeCheck = 0610;
				ORGANIZATIONNAME = whiskeygulchranch;
				TargetAttributes = {
					28CCB9E11A0829CD00D7346E = {
						CreatedOnToolsVersion = 6.1;
					};
					28CCB9F61A0829CD00D7346E = {
						CreatedOnToolsVersion = 6.1;
						TestTargetID = 28CCB9E11A0829CD00D7346E;
					};
				};
			};
			buildConfigurationList = 28CCB9DD1A0829CD00D7346E /* Build configuration list for PBXProject "postcard" */;
			compatibilityVersion = "Xcode 3.2";
			developmentRegion = English;
			hasScannedForEncodings = 0;
			knownRegions = (
				en,
				Base,
			);
			mainGroup = 28CCB9D91A0829CD00D7346E;
			productRefGroup = 28CCB9E31A0829CD00D7346E /* Products */;
			projectDirPath = "";
			projectRoot = "";
			targets = (
				28CCB9E11A0829CD00D7346E /* postcard */,
				28CCB9F61A0829CD00D7346E /* postcardTests */,
			);
		};
/* End PBXProject section */

/* Begin PBXResourcesBuildPhase section */
		28CCB9E01A0829CD00D7346E /* Resources */ = {
			isa = PBXResourcesBuildPhase;
			buildActionMask = 2147483647;
			files = (
				28CCB9ED1A0829CD00D7346E /* Main.storyboard in Resources */,
				28CCBA081A0939FF00D7346E /* SagradaFamilia.jpeg in Resources */,
				28CCBA0A1A093F7A00D7346E /* AlbertEinsteinStamp.jpg in Resources */,
				28CCB9F21A0829CD00D7346E /* LaunchScreen.xib in Resources */,
				28CCB9EF1A0829CD00D7346E /* Images.xcassets in Resources */,
			);
			runOnlyForDeploymentPostprocessing = 0;
		};
		28CCB9F51A0829CD00D7346E /* Resources */ = {
			isa = PBXResourcesBuildPhase;
			buildActionMask = 2147483647;
			files = (
			);
			runOnlyForDeploymentPostprocessing = 0;
		};
/* End PBXResourcesBuildPhase section */

/* Begin PBXSourcesBuildPhase section */
		28CCB9DE1A0829CD00D7346E /* Sources */ = {
			isa = PBXSourcesBuildPhase;
			buildActionMask = 2147483647;
			files = (
				28CCB9EA1A0829CD00D7346E /* ViewController.swift in Sources */,
				28CCB9E81A0829CD00D7346E /* AppDelegate.swift in Sources */,
			);
			runOnlyForDeploymentPostprocessing = 0;
		};
		28CCB9F31A0829CD00D7346E /* Sources */ = {
			isa = PBXSourcesBuildPhase;
			buildActionMask = 2147483647;
			files = (
				28CCB9FE1A0829CD00D7346E /* postcardTests.swift in Sources */,
			);
			runOnlyForDeploymentPostprocessing = 0;
		};
/* End PBXSourcesBuildPhase section */

/* Begin PBXTargetDependency section */
		28CCB9F91A0829CD00D7346E /* PBXTargetDependency */ = {
			isa = PBXTargetDependency;
			target = 28CCB9E11A0829CD00D7346E /* postcard */;
			targetProxy = 28CCB9F81A0829CD00D7346E /* PBXContainerItemProxy */;
		};
/* End PBXTargetDependency section */

/* Begin PBXVariantGroup section */
		28CCB9EB1A0829CD00D7346E /* Main.storyboard */ = {
			isa = PBXVariantGroup;
			children = (
				28CCB9EC1A0829CD00D7346E /* Base */,
			);
			name = Main.storyboard;
			sourceTree = "<group>";
		};
		28CCB9F01A0829CD00D7346E /* LaunchScreen.xib */ = {
			isa = PBXVariantGroup;
			children = (
				28CCB9F11A0829CD00D7346E /* Base */,
			);
			name = LaunchScreen.xib;
			sourceTree = "<group>";
		};
/* End PBXVariantGroup section */

/* Begin XCBuildConfiguration section */
		28CCB9FF1A0829CD00D7346E /* Debug */ = {
			isa = XCBuildConfiguration;
			buildSettings = {
				ALWAYS_SEARCH_USER_PATHS = NO;
				CLANG_CXX_LANGUAGE_STANDARD = "gnu++0x";
				CLANG_CXX_LIBRARY = "libc++";
				CLANG_ENABLE_MODULES = YES;
				CLANG_ENABLE_OBJC_ARC = YES;
				CLANG_WARN_BOOL_CONVERSION = YES;
				CLANG_WARN_CONSTANT_CONVERSION = YES;
				CLANG_WARN_DIRECT_OBJC_ISA_USAGE = YES_ERROR;
				CLANG_WARN_EMPTY_BODY = YES;
				CLANG_WARN_ENUM_CONVERSION = YES;
				CLANG_WARN_INT_CONVERSION = YES;
				CLANG_WARN_OBJC_ROOT_CLASS = YES_ERROR;
				CLANG_WARN_UNREACHABLE_CODE = YES;
				CLANG_WARN__DUPLICATE_METHOD_MATCH = YES;
				"CODE_SIGN_IDENTITY[sdk=iphoneos*]" = "iPhone Developer";
				COPY_PHASE_STRIP = NO;
				ENABLE_STRICT_OBJC_MSGSEND = YES;
				GCC_C_LANGUAGE_STANDARD = gnu99;
				GCC_DYNAMIC_NO_PIC = NO;
				GCC_OPTIMIZATION_LEVEL = 0;
				GCC_PREPROCESSOR_DEFINITIONS = (
					"DEBUG=1",
					"$(inherited)",
				);
				GCC_SYMBOLS_PRIVATE_EXTERN = NO;
				GCC_WARN_64_TO_32_BIT_CONVERSION = YES;
				GCC_WARN_ABOUT_RETURN_TYPE = YES_ERROR;
				GCC_WARN_UNDECLARED_SELECTOR = YES;
				GCC_WARN_UNINITIALIZED_AUTOS = YES_AGGRESSIVE;
				GCC_WARN_UNUSED_FUNCTION = YES;
				GCC_WARN_UNUSED_VARIABLE = YES;
				IPHONEOS_DEPLOYMENT_TARGET = 8.1;
				MTL_ENABLE_DEBUG_INFO = YES;
				ONLY_ACTIVE_ARCH = YES;
				SDKROOT = iphoneos;
				SWIFT_OPTIMIZATION_LEVEL = "-Onone";
				TARGETED_DEVICE_FAMILY = "1,2";
			};
			name = Debug;
		};
		28CCBA001A0829CD00D7346E /* Release */ = {
			isa = XCBuildConfiguration;
			buildSettings = {
				ALWAYS_SEARCH_USER_PATHS = NO;
				CLANG_CXX_LANGUAGE_STANDARD = "gnu++0x";
				CLANG_CXX_LIBRARY = "libc++";
				CLANG_ENABLE_MODULES = YES;
				CLANG_ENABLE_OBJC_ARC = YES;
				CLANG_WARN_BOOL_CONVERSION = YES;
				CLANG_WARN_CONSTANT_CONVERSION = YES;
				CLANG_WARN_DIRECT_OBJC_ISA_USAGE = YES_ERROR;
				CLANG_WARN_EMPTY_BODY = YES;
				CLANG_WARN_ENUM_CONVERSION = YES;
				CLANG_WARN_INT_CONVERSION = YES;
				CLANG_WARN_OBJC_ROOT_CLASS = YES_ERROR;
				CLANG_WARN_UNREACHABLE_CODE = YES;
				CLANG_WARN__DUPLICATE_METHOD_MATCH = YES;
				"CODE_SIGN_IDENTITY[sdk=iphoneos*]" = "iPhone Developer";
				COPY_PHASE_STRIP = YES;
				ENABLE_NS_ASSERTIONS = NO;
				ENABLE_STRICT_OBJC_MSGSEND = YES;
				GCC_C_LANGUAGE_STANDARD = gnu99;
				GCC_WARN_64_TO_32_BIT_CONVERSION = YES;
				GCC_WARN_ABOUT_RETURN_TYPE = YES_ERROR;
				GCC_WARN_UNDECLARED_SELECTOR = YES;
				GCC_WARN_UNINITIALIZED_AUTOS = YES_AGGRESSIVE;
				GCC_WARN_UNUSED_FUNCTION = YES;
				GCC_WARN_UNUSED_VARIABLE = YES;
				IPHONEOS_DEPLOYMENT_TARGET = 8.1;
				MTL_ENABLE_DEBUG_INFO = NO;
				SDKROOT = iphoneos;
				TARGETED_DEVICE_FAMILY = "1,2";
				VALIDATE_PRODUCT = YES;
			};
			name = Release;
		};
		28CCBA021A0829CD00D7346E /* Debug */ = {
			isa = XCBuildConfiguration;
			buildSettings = {
				ASSETCATALOG_COMPILER_APPICON_NAME = AppIcon;
				INFOPLIST_FILE = postcard/Info.plist;
				LD_RUNPATH_SEARCH_PATHS = "$(inherited) @executable_path/Frameworks";
				PRODUCT_NAME = "$(TARGET_NAME)";
			};
			name = Debug;
		};
		28CCBA031A0829CD00D7346E /* Release */ = {
			isa = XCBuildConfiguration;
			buildSettings = {
				ASSETCATALOG_COMPILER_APPICON_NAME = AppIcon;
				INFOPLIST_FILE = postcard/Info.plist;
				LD_RUNPATH_SEARCH_PATHS = "$(inherited) @executable_path/Frameworks";
				PRODUCT_NAME = "$(TARGET_NAME)";
			};
			name = Release;
		};
		28CCBA051A0829CD00D7346E /* Debug */ = {
			isa = XCBuildConfiguration;
			buildSettings = {
				BUNDLE_LOADER = "$(TEST_HOST)";
				FRAMEWORK_SEARCH_PATHS = (
					"$(SDKROOT)/Developer/Library/Frameworks",
					"$(inherited)",
				);
				GCC_PREPROCESSOR_DEFINITIONS = (
					"DEBUG=1",
					"$(inherited)",
				);
				INFOPLIST_FILE = postcardTests/Info.plist;
				LD_RUNPATH_SEARCH_PATHS = "$(inherited) @executable_path/Frameworks @loader_path/Frameworks";
				PRODUCT_NAME = "$(TARGET_NAME)";
				TEST_HOST = "$(BUILT_PRODUCTS_DIR)/postcard.app/postcard";
			};
			name = Debug;
		};
		28CCBA061A0829CD00D7346E /* Release */ = {
			isa = XCBuildConfiguration;
			buildSettings = {
				BUNDLE_LOADER = "$(TEST_HOST)";
				FRAMEWORK_SEARCH_PATHS = (
					"$(SDKROOT)/Developer/Library/Frameworks",
					"$(inherited)",
				);
				INFOPLIST_FILE = postcardTests/Info.plist;
				LD_RUNPATH_SEARCH_PATHS = "$(inherited) @executable_path/Frameworks @loader_path/Frameworks";
				PRODUCT_NAME = "$(TARGET_NAME)";
				TEST_HOST = "$(BUILT_PRODUCTS_DIR)/postcard.app/postcard";
			};
			name = Release;
		};
/* End XCBuildConfiguration section */

/* Begin XCConfigurationList section */
		28CCB9DD1A0829CD00D7346E /* Build configuration list for PBXProject "postcard" */ = {
			isa = XCConfigurationList;
			buildConfigurations = (
				28CCB9FF1A0829CD00D7346E /* Debug */,
				28CCBA001A0829CD00D7346E /* Release */,
			);
			defaultConfigurationIsVisible = 0;
			defaultConfigurationName = Release;
		};
		28CCBA011A0829CD00D7346E /* Build configuration list for PBXNativeTarget "postcard" */ = {
			isa = XCConfigurationList;
			buildConfigurations = (
				28CCBA021A0829CD00D7346E /* Debug */,
				28CCBA031A0829CD00D7346E /* Release */,
			);
			defaultConfigurationIsVisible = 0;
		};
		28CCBA041A0829CD00D7346E /* Build configuration list for PBXNativeTarget "postcardTests" */ = {
			isa = XCConfigurationList;
			buildConfigurations = (
				28CCBA051A0829CD00D7346E /* Debug */,
				28CCBA061A0829CD00D7346E /* Release */,
			);
			defaultConfigurationIsVisible = 0;
		};
/* End XCConfigurationList section */
	};
	rootObject = 28CCB9DA1A0829CD00D7346E /* Project object */;
}
